{
  "version": 4,
  "terraform_version": "0.14.6",
  "serial": 13,
  "lineage": "6f8bad09-a948-5d46-7a28-072add7f072a",
  "outputs": {},
  "resources": [
    {
      "mode": "data",
      "type": "oci_identity_availability_domain",
      "name": "AD-1",
      "provider": "provider[\"registry.terraform.io/hashicorp/oci\"]",
      "instances": [
        {
          "schema_version": 0,
          "attributes": {
            "ad_number": 1,
            "compartment_id": "ocid1.compartment.oc1..aaaaaaaab3yw6vwv6zafelbx6zvhuszn5iaoesrwxkh6d645arl266w4aofq",
            "id": "ocid1.availabilitydomain.oc1..aaaaaaaaiifj24st3w4j7cowuo3pmqcuqwjapjv435vtjmgh5j7q3flguwna",
            "name": "rLid:EU-FRANKFURT-1-AD-1"
          },
          "sensitive_attributes": []
        }
      ]
    },
    {
      "mode": "data",
      "type": "oci_objectstorage_namespace",
      "name": "os_namespace",
      "provider": "provider[\"registry.terraform.io/hashicorp/oci\"]",
      "instances": [
        {
          "schema_version": 0,
          "attributes": {
            "compartment_id": "ocid1.compartment.oc1..aaaaaaaab3yw6vwv6zafelbx6zvhuszn5iaoesrwxkh6d645arl266w4aofq",
            "id": "ObjectStorageNamespaceDataSource-206158766",
            "namespace": "orasenatdoracledigital01"
          },
          "sensitive_attributes": []
        }
      ]
    },
    {
      "mode": "managed",
      "type": "null_resource",
      "name": "SETUP_APP_BY_SSH",
      "provider": "provider[\"registry.terraform.io/hashicorp/null\"]",
      "instances": [
        {
          "schema_version": 0,
          "attributes": {
            "id": "539586682371702543",
            "triggers": null
          },
          "sensitive_attributes": [],
          "private": "bnVsbA==",
          "dependencies": [
            "data.oci_identity_availability_domain.AD-1",
            "null_resource.SETUP_COMPUTE_BY_SSH",
            "oci_core_boot_volume.restored_boot_volume",
            "oci_core_boot_volume_backup.boot_volume_backup_copy",
            "oci_core_boot_volume_backup.initial_boot_volume_backup",
            "oci_core_instance.app_instance",
            "oci_core_subnet.standbySubnet1",
            "oci_core_vcn.standbyVCN"
          ]
        }
      ]
    },
    {
      "mode": "managed",
      "type": "null_resource",
      "name": "SETUP_COMPUTE_BY_SSH",
      "provider": "provider[\"registry.terraform.io/hashicorp/null\"]",
      "instances": [
        {
          "schema_version": 0,
          "attributes": {
            "id": "1247517732649778279",
            "triggers": null
          },
          "sensitive_attributes": [],
          "private": "bnVsbA==",
          "dependencies": [
            "data.oci_identity_availability_domain.AD-1",
            "oci_core_boot_volume.restored_boot_volume",
            "oci_core_boot_volume_backup.boot_volume_backup_copy",
            "oci_core_boot_volume_backup.initial_boot_volume_backup",
            "oci_core_instance.app_instance",
            "oci_core_subnet.standbySubnet1",
            "oci_core_vcn.standbyVCN"
          ]
        }
      ]
    },
    {
      "mode": "managed",
      "type": "oci_core_boot_volume",
      "name": "restored_boot_volume",
      "provider": "provider[\"registry.terraform.io/hashicorp/oci\"]",
      "instances": [
        {
          "schema_version": 0,
          "attributes": {
            "auto_tuned_vpus_per_gb": null,
            "availability_domain": "rLid:EU-FRANKFURT-1-AD-1",
            "backup_policy_id": null,
            "compartment_id": "ocid1.compartment.oc1..aaaaaaaab3yw6vwv6zafelbx6zvhuszn5iaoesrwxkh6d645arl266w4aofq",
            "defined_tags": {
              "SE_Details.SE_Name": "oracleidentitycloudservice/tanvi.varadhachary@oracle.com at 2021-03-23T22:12:36.055Z"
            },
            "display_name": "appBootVol",
            "freeform_tags": {},
            "id": "ocid1.bootvolume.oc1.eu-frankfurt-1.abtheljrlznrlodsklcwpbt6jh4l2uw7olzt36vnmmjmtri5nx2li335ajia",
            "image_id": "ocid1.image.oc1.us-sanjose-1.aaaaaaaaxzgio2xxhmho3limob4fmupzmeuyjie24ehk2xkl3hhqbpstdsvq",
            "is_auto_tune_enabled": false,
            "is_hydrated": false,
            "kms_key_id": null,
            "size_in_gbs": "47",
            "size_in_mbs": "47694",
            "source_details": [
              {
                "id": "ocid1.bootvolumebackup.oc1.eu-frankfurt-1.abtheljtne6qt3bj3ezglx6rqdexknp3qf33bxqg2e7vhv575hjjpvvongca",
                "type": "bootVolumeBackup"
              }
            ],
            "state": "AVAILABLE",
            "system_tags": {},
            "time_created": "2021-03-24 17:43:39.467 +0000 UTC",
            "timeouts": null,
            "volume_group_id": null,
            "vpus_per_gb": "10"
          },
          "sensitive_attributes": [],
          "private": "eyJlMmJmYjczMC1lY2FhLTExZTYtOGY4OC0zNDM2M2JjN2M0YzAiOnsiY3JlYXRlIjoxMjAwMDAwMDAwMDAwLCJkZWxldGUiOjEyMDAwMDAwMDAwMDAsInVwZGF0ZSI6MTIwMDAwMDAwMDAwMH19",
          "dependencies": [
            "data.oci_identity_availability_domain.AD-1",
            "oci_core_boot_volume_backup.boot_volume_backup_copy",
            "oci_core_boot_volume_backup.initial_boot_volume_backup"
          ]
        }
      ]
    },
    {
      "mode": "managed",
      "type": "oci_core_boot_volume_backup",
      "name": "boot_volume_backup_copy",
      "provider": "provider[\"registry.terraform.io/hashicorp/oci\"]",
      "instances": [
        {
          "schema_version": 0,
          "attributes": {
            "boot_volume_id": "ocid1.bootvolume.oc1.us-sanjose-1.abzwuljrzlmgpxzywn527gf5fz3u5cwdpsounvm46zkcszc3onwo7rbyo65a",
            "compartment_id": "ocid1.compartment.oc1..aaaaaaaab3yw6vwv6zafelbx6zvhuszn5iaoesrwxkh6d645arl266w4aofq",
            "defined_tags": {
              "SE_Details.SE_Name": "oracleidentitycloudservice/tanvi.varadhachary@oracle.com at 2021-03-23T22:12:36.055Z"
            },
            "display_name": "initialBackup",
            "expiration_time": null,
            "freeform_tags": {},
            "id": "ocid1.bootvolumebackup.oc1.eu-frankfurt-1.abtheljtne6qt3bj3ezglx6rqdexknp3qf33bxqg2e7vhv575hjjpvvongca",
            "image_id": "ocid1.image.oc1.us-sanjose-1.aaaaaaaaxzgio2xxhmho3limob4fmupzmeuyjie24ehk2xkl3hhqbpstdsvq",
            "kms_key_id": null,
            "size_in_gbs": "47",
            "source_boot_volume_backup_id": "ocid1.bootvolumebackup.oc1.us-sanjose-1.abzwuljrqioa6ezmy4ghkhegwvtxer7q67fi2m5ifk4ntzmnucaaca3aiqoa",
            "source_details": [
              {
                "boot_volume_backup_id": "ocid1.bootvolumebackup.oc1.us-sanjose-1.abzwuljrqioa6ezmy4ghkhegwvtxer7q67fi2m5ifk4ntzmnucaaca3aiqoa",
                "kms_key_id": "",
                "region": "us-sanjose-1"
              }
            ],
            "source_type": "MANUAL",
            "state": "AVAILABLE",
            "system_tags": {},
            "time_created": "2021-03-24 17:38:34.208 +0000 UTC",
            "time_request_received": "2021-03-24 17:39:15.566 +0000 UTC",
            "timeouts": null,
            "type": "INCREMENTAL",
            "unique_size_in_gbs": "10"
          },
          "sensitive_attributes": [],
          "private": "eyJlMmJmYjczMC1lY2FhLTExZTYtOGY4OC0zNDM2M2JjN2M0YzAiOnsiY3JlYXRlIjoxMjAwMDAwMDAwMDAwLCJkZWxldGUiOjEyMDAwMDAwMDAwMDAsInVwZGF0ZSI6MTIwMDAwMDAwMDAwMH19",
          "dependencies": [
            "oci_core_boot_volume_backup.initial_boot_volume_backup"
          ]
        }
      ]
    },
    {
      "mode": "managed",
      "type": "oci_core_boot_volume_backup",
      "name": "initial_boot_volume_backup",
      "provider": "provider[\"registry.terraform.io/hashicorp/oci\"].primary_region",
      "instances": [
        {
          "schema_version": 0,
          "attributes": {
            "boot_volume_id": "ocid1.bootvolume.oc1.us-sanjose-1.abzwuljrzlmgpxzywn527gf5fz3u5cwdpsounvm46zkcszc3onwo7rbyo65a",
            "compartment_id": "ocid1.compartment.oc1..aaaaaaaab3yw6vwv6zafelbx6zvhuszn5iaoesrwxkh6d645arl266w4aofq",
            "defined_tags": {
              "SE_Details.SE_Name": "oracleidentitycloudservice/tanvi.varadhachary@oracle.com at 2021-03-23T22:12:36.055Z"
            },
            "display_name": "initialBackup",
            "expiration_time": null,
            "freeform_tags": {},
            "id": "ocid1.bootvolumebackup.oc1.us-sanjose-1.abzwuljrqioa6ezmy4ghkhegwvtxer7q67fi2m5ifk4ntzmnucaaca3aiqoa",
            "image_id": "ocid1.image.oc1.us-sanjose-1.aaaaaaaaxzgio2xxhmho3limob4fmupzmeuyjie24ehk2xkl3hhqbpstdsvq",
            "kms_key_id": null,
            "size_in_gbs": "47",
            "source_boot_volume_backup_id": null,
            "source_details": [],
            "source_type": "MANUAL",
            "state": "AVAILABLE",
            "system_tags": {},
            "time_created": "2021-03-24 17:38:34.208 +0000 UTC",
            "time_request_received": "2021-03-24 17:38:31.162 +0000 UTC",
            "timeouts": null,
            "type": "INCREMENTAL",
            "unique_size_in_gbs": "10"
          },
          "sensitive_attributes": [],
          "private": "eyJlMmJmYjczMC1lY2FhLTExZTYtOGY4OC0zNDM2M2JjN2M0YzAiOnsiY3JlYXRlIjoxMjAwMDAwMDAwMDAwLCJkZWxldGUiOjEyMDAwMDAwMDAwMDAsInVwZGF0ZSI6MTIwMDAwMDAwMDAwMH19"
        }
      ]
    },
    {
      "mode": "managed",
      "type": "oci_core_default_dhcp_options",
      "name": "default-DHCP-options-for-standbyVCN",
      "provider": "provider[\"registry.terraform.io/hashicorp/oci\"]",
      "instances": [
        {
          "schema_version": 0,
          "attributes": {
            "defined_tags": {
              "SE_Details.SE_Name": "oracleidentitycloudservice/tanvi.varadhachary@oracle.com at 2021-03-24T17:38:31.193Z"
            },
            "display_name": "Default DHCP Options for StandbyVCN",
            "freeform_tags": {},
            "id": "ocid1.dhcpoptions.oc1.eu-frankfurt-1.aaaaaaaapnoxrhknmv6vzc6dhybltppeu55kodmjg3jsupofsmmgsn6lvzha",
            "manage_default_resource_id": "ocid1.dhcpoptions.oc1.eu-frankfurt-1.aaaaaaaapnoxrhknmv6vzc6dhybltppeu55kodmjg3jsupofsmmgsn6lvzha",
            "options": [
              {
                "custom_dns_servers": [],
                "search_domain_names": [
                  "standbydr1.oraclevcn.com"
                ],
                "server_type": "",
                "type": "SearchDomain"
              },
              {
                "custom_dns_servers": [],
                "search_domain_names": [],
                "server_type": "VcnLocalPlusInternet",
                "type": "DomainNameServer"
              }
            ],
            "state": "AVAILABLE",
            "time_created": "2021-03-24 17:38:31.324 +0000 UTC",
            "timeouts": null
          },
          "sensitive_attributes": [],
          "private": "eyJlMmJmYjczMC1lY2FhLTExZTYtOGY4OC0zNDM2M2JjN2M0YzAiOnsiY3JlYXRlIjoxMjAwMDAwMDAwMDAwLCJkZWxldGUiOjEyMDAwMDAwMDAwMDAsInVwZGF0ZSI6MTIwMDAwMDAwMDAwMH19",
          "dependencies": [
            "oci_core_vcn.standbyVCN"
          ]
        }
      ]
    },
    {
      "mode": "managed",
      "type": "oci_core_default_route_table",
      "name": "default-route-table-for-standbyVCN",
      "provider": "provider[\"registry.terraform.io/hashicorp/oci\"]",
      "instances": [
        {
          "schema_version": 0,
          "attributes": {
            "defined_tags": {
              "SE_Details.SE_Name": "oracleidentitycloudservice/tanvi.varadhachary@oracle.com at 2021-03-24T17:38:31.193Z"
            },
            "display_name": "Default Route Table for StandbyVCN",
            "freeform_tags": {},
            "id": "ocid1.routetable.oc1.eu-frankfurt-1.aaaaaaaa7u7lvqhn2egpdjq2n6tu4ec2kug47drjby4nyisfmzafuupqq35q",
            "manage_default_resource_id": "ocid1.routetable.oc1.eu-frankfurt-1.aaaaaaaa7u7lvqhn2egpdjq2n6tu4ec2kug47drjby4nyisfmzafuupqq35q",
            "route_rules": [
              {
                "cidr_block": "",
                "description": "",
                "destination": "0.0.0.0/0",
                "destination_type": "CIDR_BLOCK",
                "network_entity_id": "ocid1.internetgateway.oc1.eu-frankfurt-1.aaaaaaaa5mgrzymoqplsc3hs6h4wqvnrtnw43phtcxb6d5vbgww54tkapyua"
              }
            ],
            "state": "AVAILABLE",
            "time_created": "2021-03-24 17:38:31.203 +0000 UTC",
            "timeouts": null
          },
          "sensitive_attributes": [],
          "private": "eyJlMmJmYjczMC1lY2FhLTExZTYtOGY4OC0zNDM2M2JjN2M0YzAiOnsiY3JlYXRlIjoxMjAwMDAwMDAwMDAwLCJkZWxldGUiOjEyMDAwMDAwMDAwMDAsInVwZGF0ZSI6MTIwMDAwMDAwMDAwMH19",
          "dependencies": [
            "oci_core_internet_gateway.standbyInternetGW",
            "oci_core_vcn.standbyVCN"
          ]
        }
      ]
    },
    {
      "mode": "managed",
      "type": "oci_core_default_security_list",
      "name": "default-security-list-for-standbyVCN",
      "provider": "provider[\"registry.terraform.io/hashicorp/oci\"]",
      "instances": [
        {
          "schema_version": 0,
          "attributes": {
            "defined_tags": {
              "SE_Details.SE_Name": "oracleidentitycloudservice/tanvi.varadhachary@oracle.com at 2021-03-24T17:38:31.193Z"
            },
            "display_name": "Default Security List for StandbyVCN",
            "egress_security_rules": [
              {
                "description": "",
                "destination": "0.0.0.0/0",
                "destination_type": "CIDR_BLOCK",
                "icmp_options": [],
                "protocol": "all",
                "stateless": false,
                "tcp_options": [],
                "udp_options": []
              }
            ],
            "freeform_tags": {},
            "id": "ocid1.securitylist.oc1.eu-frankfurt-1.aaaaaaaa5wtso5ncjiscq6bst4mxtf5bvbywo3fnvwqkuv2ag5yos3bhde6q",
            "ingress_security_rules": [
              {
                "description": "",
                "icmp_options": [
                  {
                    "code": -1,
                    "type": 3
                  }
                ],
                "protocol": "1",
                "source": "10.1.0.0/16",
                "source_type": "CIDR_BLOCK",
                "stateless": false,
                "tcp_options": [],
                "udp_options": []
              },
              {
                "description": "",
                "icmp_options": [
                  {
                    "code": 4,
                    "type": 3
                  }
                ],
                "protocol": "1",
                "source": "0.0.0.0/0",
                "source_type": "CIDR_BLOCK",
                "stateless": false,
                "tcp_options": [],
                "udp_options": []
              },
              {
                "description": "",
                "icmp_options": [],
                "protocol": "6",
                "source": "0.0.0.0/0",
                "source_type": "CIDR_BLOCK",
                "stateless": false,
                "tcp_options": [
                  {
                    "max": 22,
                    "min": 22,
                    "source_port_range": []
                  }
                ],
                "udp_options": []
              },
              {
                "description": "access sample app",
                "icmp_options": [],
                "protocol": "6",
                "source": "0.0.0.0/0",
                "source_type": "CIDR_BLOCK",
                "stateless": false,
                "tcp_options": [
                  {
                    "max": 80,
                    "min": 80,
                    "source_port_range": []
                  }
                ],
                "udp_options": []
              }
            ],
            "manage_default_resource_id": "ocid1.securitylist.oc1.eu-frankfurt-1.aaaaaaaa5wtso5ncjiscq6bst4mxtf5bvbywo3fnvwqkuv2ag5yos3bhde6q",
            "state": "AVAILABLE",
            "time_created": "2021-03-24 17:38:31.203 +0000 UTC",
            "timeouts": null
          },
          "sensitive_attributes": [],
          "private": "eyJlMmJmYjczMC1lY2FhLTExZTYtOGY4OC0zNDM2M2JjN2M0YzAiOnsiY3JlYXRlIjoxMjAwMDAwMDAwMDAwLCJkZWxldGUiOjEyMDAwMDAwMDAwMDAsInVwZGF0ZSI6MTIwMDAwMDAwMDAwMH19",
          "dependencies": [
            "oci_core_vcn.standbyVCN"
          ]
        }
      ]
    },
    {
      "mode": "managed",
      "type": "oci_core_instance",
      "name": "app_instance",
      "provider": "provider[\"registry.terraform.io/hashicorp/oci\"]",
      "instances": [
        {
          "schema_version": 0,
          "attributes": {
            "agent_config": [
              {
                "are_all_plugins_disabled": false,
                "is_management_disabled": false,
                "is_monitoring_disabled": false,
                "plugins_config": []
              }
            ],
            "availability_config": [
              {
                "recovery_action": "RESTORE_INSTANCE"
              }
            ],
            "availability_domain": "rLid:EU-FRANKFURT-1-AD-1",
            "boot_volume_id": "ocid1.bootvolume.oc1.eu-frankfurt-1.abtheljrlznrlodsklcwpbt6jh4l2uw7olzt36vnmmjmtri5nx2li335ajia",
            "compartment_id": "ocid1.compartment.oc1..aaaaaaaab3yw6vwv6zafelbx6zvhuszn5iaoesrwxkh6d645arl266w4aofq",
            "create_vnic_details": [
              {
                "assign_public_ip": "true",
                "defined_tags": {
                  "SE_Details.SE_Name": "oracleidentitycloudservice/tanvi.varadhachary@oracle.com at 2021-03-24T17:43:55.921Z"
                },
                "display_name": "terraform1",
                "freeform_tags": {},
                "hostname_label": "terraform1",
                "nsg_ids": null,
                "private_ip": "10.1.0.2",
                "skip_source_dest_check": false,
                "subnet_id": "ocid1.subnet.oc1.eu-frankfurt-1.aaaaaaaas337x6e255udofigqhocbgjci2n2qfwlpwdtgsv4a5upjkmvbwwq",
                "vlan_id": ""
              }
            ],
            "dedicated_vm_host_id": null,
            "defined_tags": {
              "SE_Details.SE_Name": "oracleidentitycloudservice/tanvi.varadhachary@oracle.com at 2021-03-24T17:43:55.626Z"
            },
            "display_name": "terraform11",
            "extended_metadata": null,
            "fault_domain": "FAULT-DOMAIN-2",
            "freeform_tags": {},
            "hostname_label": "terraform1",
            "id": "ocid1.instance.oc1.eu-frankfurt-1.antheljrntxkdlycrkaj3tbcaqhztnraqatgw5oiu2jxowolxhwqwwuiv5qq",
            "image": "ocid1.image.oc1.us-sanjose-1.aaaaaaaaxzgio2xxhmho3limob4fmupzmeuyjie24ehk2xkl3hhqbpstdsvq",
            "instance_options": [
              {
                "are_legacy_imds_endpoints_disabled": false
              }
            ],
            "ipxe_script": null,
            "is_pv_encryption_in_transit_enabled": null,
            "launch_mode": "NATIVE",
            "launch_options": [
              {
                "boot_volume_type": "PARAVIRTUALIZED",
                "firmware": "UEFI_64",
                "is_consistent_volume_naming_enabled": true,
                "is_pv_encryption_in_transit_enabled": false,
                "network_type": "PARAVIRTUALIZED",
                "remote_data_volume_type": "PARAVIRTUALIZED"
              }
            ],
            "metadata": {
              "ssh_authorized_keys": "ssh-rsa AAAAB3NzaC1yc2EAAAADAQABAAABAQDCV3vNwzN4+ptemURpmb6lDwO3FTbQqD1qi+T0fGAUs0lRC20q4/gKxxTTy9HDMbDNsOky9L+FNezEiwisP5Eda17rLkVXCm8FpucIQaZBpjGvRvoMO+BlQS/E6PDI4iS6mdsFHXEGU3dAGwMqYM6w6UiL5O/4gpd5EFSzK1bj01KRQyEFCtdMeb+9qcMAem2uKX9g85tYqqEs2/uUHf3VdAoP/c3K6x6JrpXEVZ7xEGTDBpcGiIfWo+lm/A6ANFOY7k7iJiYnsrr1IxmaW1gKfLKEclM28NfF28AU1pIH211ZVfpgLFdIHjrWT+eLOaEre+PceGx8s72lroYHWrBZ tvaradha@Tanvis-MacBook-Pro-2.local\n"
            },
            "platform_config": [],
            "preserve_boot_volume": null,
            "private_ip": "10.1.0.2",
            "public_ip": "130.61.222.185",
            "region": "eu-frankfurt-1",
            "shape": "VM.Standard2.2",
            "shape_config": [
              {
                "gpu_description": "",
                "gpus": 0,
                "local_disk_description": "",
                "local_disks": 0,
                "local_disks_total_size_in_gbs": 0,
                "max_vnic_attachments": 2,
                "memory_in_gbs": 30,
                "networking_bandwidth_in_gbps": 2,
                "ocpus": 2,
                "processor_description": "2.0 GHz Intel® Xeon® Platinum 8167M (Skylake)"
              }
            ],
            "source_details": [
              {
                "boot_volume_size_in_gbs": "",
                "kms_key_id": "",
                "source_id": "ocid1.bootvolume.oc1.eu-frankfurt-1.abtheljrlznrlodsklcwpbt6jh4l2uw7olzt36vnmmjmtri5nx2li335ajia",
                "source_type": "bootVolume"
              }
            ],
            "state": "RUNNING",
            "subnet_id": "ocid1.subnet.oc1.eu-frankfurt-1.aaaaaaaas337x6e255udofigqhocbgjci2n2qfwlpwdtgsv4a5upjkmvbwwq",
            "system_tags": {},
            "time_created": "2021-03-24 17:43:56.08 +0000 UTC",
            "time_maintenance_reboot_due": "",
            "timeouts": null
          },
          "sensitive_attributes": [],
          "private": "eyJlMmJmYjczMC1lY2FhLTExZTYtOGY4OC0zNDM2M2JjN2M0YzAiOnsiY3JlYXRlIjoyNzAwMDAwMDAwMDAwLCJkZWxldGUiOjI3MDAwMDAwMDAwMDAsInVwZGF0ZSI6MjcwMDAwMDAwMDAwMH19",
          "dependencies": [
            "data.oci_identity_availability_domain.AD-1",
            "oci_core_boot_volume.restored_boot_volume",
            "oci_core_boot_volume_backup.boot_volume_backup_copy",
            "oci_core_boot_volume_backup.initial_boot_volume_backup",
            "oci_core_subnet.standbySubnet1",
            "oci_core_vcn.standbyVCN"
          ]
        }
      ]
    },
    {
      "mode": "managed",
      "type": "oci_core_internet_gateway",
      "name": "standbyInternetGW",
      "provider": "provider[\"registry.terraform.io/hashicorp/oci\"]",
      "instances": [
        {
          "schema_version": 0,
          "attributes": {
            "compartment_id": "ocid1.compartment.oc1..aaaaaaaab3yw6vwv6zafelbx6zvhuszn5iaoesrwxkh6d645arl266w4aofq",
            "defined_tags": {
              "SE_Details.SE_Name": "oracleidentitycloudservice/tanvi.varadhachary@oracle.com at 2021-03-24T17:38:32.235Z"
            },
            "display_name": "StandbyInternetGW",
            "enabled": true,
            "freeform_tags": {},
            "id": "ocid1.internetgateway.oc1.eu-frankfurt-1.aaaaaaaa5mgrzymoqplsc3hs6h4wqvnrtnw43phtcxb6d5vbgww54tkapyua",
            "state": "AVAILABLE",
            "time_created": "2021-03-24 17:38:32.257 +0000 UTC",
            "timeouts": null,
            "vcn_id": "ocid1.vcn.oc1.eu-frankfurt-1.amaaaaaantxkdlyar4is2von36siuednnbr3bt52ztljfyy24sdzotygvwgq"
          },
          "sensitive_attributes": [],
          "private": "eyJlMmJmYjczMC1lY2FhLTExZTYtOGY4OC0zNDM2M2JjN2M0YzAiOnsiY3JlYXRlIjoxMjAwMDAwMDAwMDAwLCJkZWxldGUiOjEyMDAwMDAwMDAwMDAsInVwZGF0ZSI6MTIwMDAwMDAwMDAwMH19",
          "dependencies": [
            "oci_core_vcn.standbyVCN"
          ]
        }
      ]
    },
    {
      "mode": "managed",
      "type": "oci_core_subnet",
      "name": "standbySubnet1",
      "provider": "provider[\"registry.terraform.io/hashicorp/oci\"]",
      "instances": [
        {
          "schema_version": 0,
          "attributes": {
            "availability_domain": null,
            "cidr_block": "10.1.0.0/24",
            "compartment_id": "ocid1.compartment.oc1..aaaaaaaab3yw6vwv6zafelbx6zvhuszn5iaoesrwxkh6d645arl266w4aofq",
            "defined_tags": {
              "SE_Details.SE_Name": "oracleidentitycloudservice/tanvi.varadhachary@oracle.com at 2021-03-24T17:38:32.539Z"
            },
            "dhcp_options_id": "ocid1.dhcpoptions.oc1.eu-frankfurt-1.aaaaaaaapnoxrhknmv6vzc6dhybltppeu55kodmjg3jsupofsmmgsn6lvzha",
            "display_name": "SubnetA",
            "dns_label": "standbysubnet1",
            "freeform_tags": {},
            "id": "ocid1.subnet.oc1.eu-frankfurt-1.aaaaaaaas337x6e255udofigqhocbgjci2n2qfwlpwdtgsv4a5upjkmvbwwq",
            "ipv6cidr_block": null,
            "ipv6public_cidr_block": null,
            "ipv6virtual_router_ip": null,
            "prohibit_public_ip_on_vnic": false,
            "route_table_id": "ocid1.routetable.oc1.eu-frankfurt-1.aaaaaaaa7u7lvqhn2egpdjq2n6tu4ec2kug47drjby4nyisfmzafuupqq35q",
            "security_list_ids": [
              "ocid1.securitylist.oc1.eu-frankfurt-1.aaaaaaaa5wtso5ncjiscq6bst4mxtf5bvbywo3fnvwqkuv2ag5yos3bhde6q"
            ],
            "state": "AVAILABLE",
            "subnet_domain_name": "standbysubnet1.standbydr1.oraclevcn.com",
            "time_created": "2021-03-24 17:38:33.408 +0000 UTC",
            "timeouts": null,
            "vcn_id": "ocid1.vcn.oc1.eu-frankfurt-1.amaaaaaantxkdlyar4is2von36siuednnbr3bt52ztljfyy24sdzotygvwgq",
            "virtual_router_ip": "10.1.0.1",
            "virtual_router_mac": "00:00:17:DD:44:B4"
          },
          "sensitive_attributes": [],
          "private": "eyJlMmJmYjczMC1lY2FhLTExZTYtOGY4OC0zNDM2M2JjN2M0YzAiOnsiY3JlYXRlIjoxMjAwMDAwMDAwMDAwLCJkZWxldGUiOjEyMDAwMDAwMDAwMDAsInVwZGF0ZSI6MTIwMDAwMDAwMDAwMH19",
          "dependencies": [
            "oci_core_vcn.standbyVCN"
          ]
        }
      ]
    },
    {
      "mode": "managed",
      "type": "oci_core_vcn",
      "name": "standbyVCN",
      "provider": "provider[\"registry.terraform.io/hashicorp/oci\"]",
      "instances": [
        {
          "schema_version": 0,
          "attributes": {
            "cidr_block": "10.1.0.0/16",
            "cidr_blocks": [
              "10.1.0.0/16"
            ],
            "compartment_id": "ocid1.compartment.oc1..aaaaaaaab3yw6vwv6zafelbx6zvhuszn5iaoesrwxkh6d645arl266w4aofq",
            "default_dhcp_options_id": "ocid1.dhcpoptions.oc1.eu-frankfurt-1.aaaaaaaapnoxrhknmv6vzc6dhybltppeu55kodmjg3jsupofsmmgsn6lvzha",
            "default_route_table_id": "ocid1.routetable.oc1.eu-frankfurt-1.aaaaaaaa7u7lvqhn2egpdjq2n6tu4ec2kug47drjby4nyisfmzafuupqq35q",
            "default_security_list_id": "ocid1.securitylist.oc1.eu-frankfurt-1.aaaaaaaa5wtso5ncjiscq6bst4mxtf5bvbywo3fnvwqkuv2ag5yos3bhde6q",
            "defined_tags": {
              "SE_Details.SE_Name": "oracleidentitycloudservice/tanvi.varadhachary@oracle.com at 2021-03-24T17:38:31.193Z"
            },
            "display_name": "StandbyVCN",
            "dns_label": "standbydr1",
            "freeform_tags": {},
            "id": "ocid1.vcn.oc1.eu-frankfurt-1.amaaaaaantxkdlyar4is2von36siuednnbr3bt52ztljfyy24sdzotygvwgq",
            "ipv6cidr_block": null,
            "ipv6public_cidr_block": null,
            "is_ipv6enabled": null,
            "state": "AVAILABLE",
            "time_created": "2021-03-24 17:38:31.203 +0000 UTC",
            "timeouts": null,
            "vcn_domain_name": "standbydr1.oraclevcn.com"
          },
          "sensitive_attributes": [],
          "private": "eyJlMmJmYjczMC1lY2FhLTExZTYtOGY4OC0zNDM2M2JjN2M0YzAiOnsiY3JlYXRlIjoxMjAwMDAwMDAwMDAwLCJkZWxldGUiOjEyMDAwMDAwMDAwMDAsInVwZGF0ZSI6MTIwMDAwMDAwMDAwMH19"
        }
      ]
    }
  ]
}
